
Microsoft Visual Studio Solution File, Format Version 12.00
# Visual Studio Version 17
VisualStudioVersion = 17.8.34525.116
MinimumVisualStudioVersion = 10.0.40219.1
Project("{FAE04EC0-301F-11D3-BF4B-00C04F79EFBC}") = "Final", "Final\Final.csproj", "{0FA90FB8-238F-40AB-8DDD-A0CA301C36DC}"
EndProject
Global
	GlobalSection(SolutionConfigurationPlatforms) = preSolution
		Debug|Any CPU = Debug|Any CPU
		Release|Any CPU = Release|Any CPU
	EndGlobalSection
	GlobalSection(ProjectConfigurationPlatforms) = postSolution
		{0FA90FB8-238F-40AB-8DDD-A0CA301C36DC}.Debug|Any CPU.ActiveCfg = Debug|Any CPU
		{0FA90FB8-238F-40AB-8DDD-A0CA301C36DC}.Debug|Any CPU.Build.0 = Debug|Any CPU
		{0FA90FB8-238F-40AB-8DDD-A0CA301C36DC}.Release|Any CPU.ActiveCfg = Release|Any CPU
		{0FA90FB8-238F-40AB-8DDD-A0CA301C36DC}.Release|Any CPU.Build.0 = Release|Any CPU
	EndGlobalSection
	GlobalSection(SolutionProperties) = preSolution
		HideSolutionNode = FALSE
	EndGlobalSection
	GlobalSection(ExtensibilityGlobals) = postSolution
		SolutionGuid = {4B11AF26-5D96-4D90-82D8-F052BBDA28E8}
	EndGlobalSection
EndGlobal
